
Microsoft Visual Studio Solution File, Format Version 12.00
# Visual Studio 2012
Project("{FAE04EC0-301F-11D3-BF4B-00C04F79EFBC}") = "Kata_Refactoring_GildedRose", "Kata_Refactoring_GildedRose\Kata_Refactoring_GildedRose.csproj", "{6A572171-188F-4D25-B426-010AC88705D7}"
EndProject
Global
	GlobalSection(SolutionConfigurationPlatforms) = preSolution
		Debug|Any CPU = Debug|Any CPU
		Release|Any CPU = Release|Any CPU
	EndGlobalSection
	GlobalSection(ProjectConfigurationPlatforms) = postSolution
		{6A572171-188F-4D25-B426-010AC88705D7}.Debug|Any CPU.ActiveCfg = Debug|Any CPU
		{6A572171-188F-4D25-B426-010AC88705D7}.Debug|Any CPU.Build.0 = Debug|Any CPU
		{6A572171-188F-4D25-B426-010AC88705D7}.Release|Any CPU.ActiveCfg = Release|Any CPU
		{6A572171-188F-4D25-B426-010AC88705D7}.Release|Any CPU.Build.0 = Release|Any CPU
	EndGlobalSection
EndGlobal
